
Microsoft Visual Studio Solution File, Format Version 12.00
# Visual Studio Version 17
VisualStudioVersion = 17.12.35521.163 d17.12
MinimumVisualStudioVersion = 10.0.40219.1
Project("{FAE04EC0-301F-11D3-BF4B-00C04F79EFBC}") = "ManagerApplication", "ManagerApplication.csproj", "{34BB8780-8E87-49C5-A7AE-8FE68F29A0BB}"
EndProject
Global
	GlobalSection(SolutionConfigurationPlatforms) = preSolution
		Debug|Any CPU = Debug|Any CPU
		Release|Any CPU = Release|Any CPU
	EndGlobalSection
	GlobalSection(ProjectConfigurationPlatforms) = postSolution
		{34BB8780-8E87-49C5-A7AE-8FE68F29A0BB}.Debug|Any CPU.ActiveCfg = Debug|Any CPU
		{34BB8780-8E87-49C5-A7AE-8FE68F29A0BB}.Debug|Any CPU.Build.0 = Debug|Any CPU
		{34BB8780-8E87-49C5-A7AE-8FE68F29A0BB}.Release|Any CPU.ActiveCfg = Release|Any CPU
		{34BB8780-8E87-49C5-A7AE-8FE68F29A0BB}.Release|Any CPU.Build.0 = Release|Any CPU
	EndGlobalSection
	GlobalSection(SolutionProperties) = preSolution
		HideSolutionNode = FALSE
	EndGlobalSection
EndGlobal
